
Microsoft Visual Studio Solution File, Format Version 12.00
# Visual Studio 15
VisualStudioVersion = 15.0.28010.2046
MinimumVisualStudioVersion = 10.0.40219.1
Project("{FAE04EC0-301F-11D3-BF4B-00C04F79EFBC}") = "MessagePushDemo", "MessagePushDemo\MessagePushDemo.csproj", "{2032D23B-A14A-4365-BEBB-4520F144F6D4}"
EndProject
Project("{2150E333-8FDC-42A3-9474-1A3956D46DE8}") = "_docs", "_docs", "{492AECA3-5E6C-4FA9-8E04-A52BEC2687A1}"
	ProjectSection(SolutionItems) = preProject
		0.png = 0.png
		1.png = 1.png
		2.png = 2.png
		ReadMe.md = ReadMe.md
	EndProjectSection
EndProject
Global
	GlobalSection(SolutionConfigurationPlatforms) = preSolution
		Debug|Any CPU = Debug|Any CPU
		Release|Any CPU = Release|Any CPU
	EndGlobalSection
	GlobalSection(ProjectConfigurationPlatforms) = postSolution
		{2032D23B-A14A-4365-BEBB-4520F144F6D4}.Debug|Any CPU.ActiveCfg = Debug|Any CPU
		{2032D23B-A14A-4365-BEBB-4520F144F6D4}.Debug|Any CPU.Build.0 = Debug|Any CPU
		{2032D23B-A14A-4365-BEBB-4520F144F6D4}.Release|Any CPU.ActiveCfg = Release|Any CPU
		{2032D23B-A14A-4365-BEBB-4520F144F6D4}.Release|Any CPU.Build.0 = Release|Any CPU
	EndGlobalSection
	GlobalSection(SolutionProperties) = preSolution
		HideSolutionNode = FALSE
	EndGlobalSection
	GlobalSection(ExtensibilityGlobals) = postSolution
		SolutionGuid = {1B9174E6-64A1-4BB7-BE6A-53658C0CF347}
	EndGlobalSection
EndGlobal
